
Microsoft Visual Studio Solution File, Format Version 12.00
# Visual Studio Version 16
VisualStudioVersion = 16.0.29411.108
MinimumVisualStudioVersion = 10.0.40219.1
Project("{8BC9CEB8-8B4A-11D0-8D11-00A0C91BC942}") = "mult1", "mult1.vcxproj", "{64322B7D-1DCB-4B6A-AE75-17A581FE109D}"
EndProject
Global
	GlobalSection(SolutionConfigurationPlatforms) = preSolution
		Debug|x64 = Debug|x64
		Debug|x86 = Debug|x86
		Release|x64 = Release|x64
		Release|x86 = Release|x86
	EndGlobalSection
	GlobalSection(ProjectConfigurationPlatforms) = postSolution
		{64322B7D-1DCB-4B6A-AE75-17A581FE109D}.Debug|x64.ActiveCfg = Debug|x64
		{64322B7D-1DCB-4B6A-AE75-17A581FE109D}.Debug|x64.Build.0 = Debug|x64
		{64322B7D-1DCB-4B6A-AE75-17A581FE109D}.Debug|x86.ActiveCfg = Debug|Win32
		{64322B7D-1DCB-4B6A-AE75-17A581FE109D}.Debug|x86.Build.0 = Debug|Win32
		{64322B7D-1DCB-4B6A-AE75-17A581FE109D}.Release|x64.ActiveCfg = Release|x64
		{64322B7D-1DCB-4B6A-AE75-17A581FE109D}.Release|x64.Build.0 = Release|x64
		{64322B7D-1DCB-4B6A-AE75-17A581FE109D}.Release|x86.ActiveCfg = Release|Win32
		{64322B7D-1DCB-4B6A-AE75-17A581FE109D}.Release|x86.Build.0 = Release|Win32
	EndGlobalSection
	GlobalSection(SolutionProperties) = preSolution
		HideSolutionNode = FALSE
	EndGlobalSection
	GlobalSection(ExtensibilityGlobals) = postSolution
		SolutionGuid = {0A676621-FC46-4E95-93EA-8773307FCEBA}
	EndGlobalSection
EndGlobal
